// !$*UTF8*$!
{
	archiveVersion = 1;
	classes = {
	};
	objectVersion = 50;
	objects = {

/* Begin PBXBuildFile section */
		D357E6872375743C004FED38 /* EllepticalKey.swift in Sources */ = {isa = PBXBuildFile; fileRef = D357E6862375743C004FED38 /* EllepticalKey.swift */; };
		D357E689237578FC004FED38 /* Client.swift in Sources */ = {isa = PBXBuildFile; fileRef = D357E688237578FC004FED38 /* Client.swift */; };
		D36B3333237562F700ED9E40 /* main.swift in Sources */ = {isa = PBXBuildFile; fileRef = D36B3332237562F700ED9E40 /* main.swift */; };
		D36B333B2375634500ED9E40 /* EllipticCurve.swift in Sources */ = {isa = PBXBuildFile; fileRef = D36B333A2375634500ED9E40 /* EllipticCurve.swift */; };
		D36B333D2375637100ED9E40 /* EllipticPoint.swift in Sources */ = {isa = PBXBuildFile; fileRef = D36B333C2375637100ED9E40 /* EllipticPoint.swift */; };
		D36B33402375665E00ED9E40 /* IntExtension.swift in Sources */ = {isa = PBXBuildFile; fileRef = D36B333F2375665E00ED9E40 /* IntExtension.swift */; };
/* End PBXBuildFile section */

/* Begin PBXCopyFilesBuildPhase section */
		D36B332D237562F700ED9E40 /* CopyFiles */ = {
			isa = PBXCopyFilesBuildPhase;
			buildActionMask = 2147483647;
			dstPath = /usr/share/man/man1/;
			dstSubfolderSpec = 0;
			files = (
			);
			runOnlyForDeploymentPostprocessing = 1;
		};
/* End PBXCopyFilesBuildPhase section */

/* Begin PBXFileReference section */
		D357E6862375743C004FED38 /* EllepticalKey.swift */ = {isa = PBXFileReference; lastKnownFileType = sourcecode.swift; path = EllepticalKey.swift; sourceTree = "<group>"; };
		D357E688237578FC004FED38 /* Client.swift */ = {isa = PBXFileReference; lastKnownFileType = sourcecode.swift; path = Client.swift; sourceTree = "<group>"; };
		D36B332F237562F700ED9E40 /* lab3 */ = {isa = PBXFileReference; explicitFileType = "compiled.mach-o.executable"; includeInIndex = 0; path = lab3; sourceTree = BUILT_PRODUCTS_DIR; };
		D36B3332237562F700ED9E40 /* main.swift */ = {isa = PBXFileReference; lastKnownFileType = sourcecode.swift; path = main.swift; sourceTree = "<group>"; };
		D36B333A2375634500ED9E40 /* EllipticCurve.swift */ = {isa = PBXFileReference; lastKnownFileType = sourcecode.swift; path = EllipticCurve.swift; sourceTree = "<group>"; };
		D36B333C2375637100ED9E40 /* EllipticPoint.swift */ = {isa = PBXFileReference; lastKnownFileType = sourcecode.swift; path = EllipticPoint.swift; sourceTree = "<group>"; };
		D36B333F2375665E00ED9E40 /* IntExtension.swift */ = {isa = PBXFileReference; lastKnownFileType = sourcecode.swift; path = IntExtension.swift; sourceTree = "<group>"; };
/* End PBXFileReference section */

/* Begin PBXFrameworksBuildPhase section */
		D36B332C237562F700ED9E40 /* Frameworks */ = {
			isa = PBXFrameworksBuildPhase;
			buildActionMask = 2147483647;
			files = (
			);
			runOnlyForDeploymentPostprocessing = 0;
		};
/* End PBXFrameworksBuildPhase section */

/* Begin PBXGroup section */
		D36B3326237562F700ED9E40 = {
			isa = PBXGroup;
			children = (
				D36B3331237562F700ED9E40 /* lab3 */,
				D36B3330237562F700ED9E40 /* Products */,
			);
			sourceTree = "<group>";
		};
		D36B3330237562F700ED9E40 /* Products */ = {
			isa = PBXGroup;
			children = (
				D36B332F237562F700ED9E40 /* lab3 */,
			);
			name = Products;
			sourceTree = "<group>";
		};
		D36B3331237562F700ED9E40 /* lab3 */ = {
			isa = PBXGroup;
			children = (
				D36B33392375631A00ED9E40 /* Source */,
				D36B3332237562F700ED9E40 /* main.swift */,
			);
			path = lab3;
			sourceTree = "<group>";
		};
		D36B33392375631A00ED9E40 /* Source */ = {
			isa = PBXGroup;
			children = (
				D36B333E2375664800ED9E40 /* Helpers */,
				D36B3341237570DF00ED9E40 /* Elliptic */,
				D357E688237578FC004FED38 /* Client.swift */,
			);
			path = Source;
			sourceTree = "<group>";
		};
		D36B333E2375664800ED9E40 /* Helpers */ = {
			isa = PBXGroup;
			children = (
				D36B333F2375665E00ED9E40 /* IntExtension.swift */,
			);
			path = Helpers;
			sourceTree = "<group>";
		};
		D36B3341237570DF00ED9E40 /* Elliptic */ = {
			isa = PBXGroup;
			children = (
				D36B333C2375637100ED9E40 /* EllipticPoint.swift */,
				D36B333A2375634500ED9E40 /* EllipticCurve.swift */,
				D357E6862375743C004FED38 /* EllepticalKey.swift */,
			);
			path = Elliptic;
			sourceTree = "<group>";
		};
/* End PBXGroup section */

/* Begin PBXNativeTarget section */
		D36B332E237562F700ED9E40 /* lab3 */ = {
			isa = PBXNativeTarget;
			buildConfigurationList = D36B3336237562F700ED9E40 /* Build configuration list for PBXNativeTarget "lab3" */;
			buildPhases = (
				D36B332B237562F700ED9E40 /* Sources */,
				D36B332C237562F700ED9E40 /* Frameworks */,
				D36B332D237562F700ED9E40 /* CopyFiles */,
			);
			buildRules = (
			);
			dependencies = (
			);
			name = lab3;
			productName = lab3;
			productReference = D36B332F237562F700ED9E40 /* lab3 */;
			productType = "com.apple.product-type.tool";
		};
/* End PBXNativeTarget section */

/* Begin PBXProject section */
		D36B3327237562F700ED9E40 /* Project object */ = {
			isa = PBXProject;
			attributes = {
				LastSwiftUpdateCheck = 1120;
				LastUpgradeCheck = 1120;
				ORGANIZATIONNAME = "Ilya Sysoi";
				TargetAttributes = {
					D36B332E237562F700ED9E40 = {
						CreatedOnToolsVersion = 11.2;
					};
				};
			};
			buildConfigurationList = D36B332A237562F700ED9E40 /* Build configuration list for PBXProject "lab3" */;
			compatibilityVersion = "Xcode 9.3";
			developmentRegion = en;
			hasScannedForEncodings = 0;
			knownRegions = (
				en,
				Base,
			);
			mainGroup = D36B3326237562F700ED9E40;
			productRefGroup = D36B3330237562F700ED9E40 /* Products */;
			projectDirPath = "";
			projectRoot = "";
			targets = (
				D36B332E237562F700ED9E40 /* lab3 */,
			);
		};
/* End PBXProject section */

/* Begin PBXSourcesBuildPhase section */
		D36B332B237562F700ED9E40 /* Sources */ = {
			isa = PBXSourcesBuildPhase;
			buildActionMask = 2147483647;
			files = (
				D357E6872375743C004FED38 /* EllepticalKey.swift in Sources */,
				D357E689237578FC004FED38 /* Client.swift in Sources */,
				D36B3333237562F700ED9E40 /* main.swift in Sources */,
				D36B33402375665E00ED9E40 /* IntExtension.swift in Sources */,
				D36B333D2375637100ED9E40 /* EllipticPoint.swift in Sources */,
				D36B333B2375634500ED9E40 /* EllipticCurve.swift in Sources */,
			);
			runOnlyForDeploymentPostprocessing = 0;
		};
/* End PBXSourcesBuildPhase section */

/* Begin XCBuildConfiguration section */
		D36B3334237562F700ED9E40 /* Debug */ = {
			isa = XCBuildConfiguration;
			buildSettings = {
				ALWAYS_SEARCH_USER_PATHS = NO;
				CLANG_ANALYZER_NONNULL = YES;
				CLANG_ANALYZER_NUMBER_OBJECT_CONVERSION = YES_AGGRESSIVE;
				CLANG_CXX_LANGUAGE_STANDARD = "gnu++14";
				CLANG_CXX_LIBRARY = "libc++";
				CLANG_ENABLE_MODULES = YES;
				CLANG_ENABLE_OBJC_ARC = YES;
				CLANG_ENABLE_OBJC_WEAK = YES;
				CLANG_WARN_BLOCK_CAPTURE_AUTORELEASING = YES;
				CLANG_WARN_BOOL_CONVERSION = YES;
				CLANG_WARN_COMMA = YES;
				CLANG_WARN_CONSTANT_CONVERSION = YES;
				CLANG_WARN_DEPRECATED_OBJC_IMPLEMENTATIONS = YES;
				CLANG_WARN_DIRECT_OBJC_ISA_USAGE = YES_ERROR;
				CLANG_WARN_DOCUMENTATION_COMMENTS = YES;
				CLANG_WARN_EMPTY_BODY = YES;
				CLANG_WARN_ENUM_CONVERSION = YES;
				CLANG_WARN_INFINITE_RECURSION = YES;
				CLANG_WARN_INT_CONVERSION = YES;
				CLANG_WARN_NON_LITERAL_NULL_CONVERSION = YES;
				CLANG_WARN_OBJC_IMPLICIT_RETAIN_SELF = YES;
				CLANG_WARN_OBJC_LITERAL_CONVERSION = YES;
				CLANG_WARN_OBJC_ROOT_CLASS = YES_ERROR;
				CLANG_WARN_RANGE_LOOP_ANALYSIS = YES;
				CLANG_WARN_STRICT_PROTOTYPES = YES;
				CLANG_WARN_SUSPICIOUS_MOVE = YES;
				CLANG_WARN_UNGUARDED_AVAILABILITY = YES_AGGRESSIVE;
				CLANG_WARN_UNREACHABLE_CODE = YES;
				CLANG_WARN__DUPLICATE_METHOD_MATCH = YES;
				COPY_PHASE_STRIP = NO;
				DEBUG_INFORMATION_FORMAT = dwarf;
				ENABLE_STRICT_OBJC_MSGSEND = YES;
				ENABLE_TESTABILITY = YES;
				GCC_C_LANGUAGE_STANDARD = gnu11;
				GCC_DYNAMIC_NO_PIC = NO;
				GCC_NO_COMMON_BLOCKS = YES;
				GCC_OPTIMIZATION_LEVEL = 0;
				GCC_PREPROCESSOR_DEFINITIONS = (
					"DEBUG=1",
					"$(inherited)",
				);
				GCC_WARN_64_TO_32_BIT_CONVERSION = YES;
				GCC_WARN_ABOUT_RETURN_TYPE = YES_ERROR;
				GCC_WARN_UNDECLARED_SELECTOR = YES;
				GCC_WARN_UNINITIALIZED_AUTOS = YES_AGGRESSIVE;
				GCC_WARN_UNUSED_FUNCTION = YES;
				GCC_WARN_UNUSED_VARIABLE = YES;
				MACOSX_DEPLOYMENT_TARGET = 10.15;
				MTL_ENABLE_DEBUG_INFO = INCLUDE_SOURCE;
				MTL_FAST_MATH = YES;
				ONLY_ACTIVE_ARCH = YES;
				SDKROOT = macosx;
				SWIFT_ACTIVE_COMPILATION_CONDITIONS = DEBUG;
				SWIFT_OPTIMIZATION_LEVEL = "-Onone";
			};
			name = Debug;
		};
		D36B3335237562F700ED9E40 /* Release */ = {
			isa = XCBuildConfiguration;
			buildSettings = {
				ALWAYS_SEARCH_USER_PATHS = NO;
				CLANG_ANALYZER_NONNULL = YES;
				CLANG_ANALYZER_NUMBER_OBJECT_CONVERSION = YES_AGGRESSIVE;
				CLANG_CXX_LANGUAGE_STANDARD = "gnu++14";
				CLANG_CXX_LIBRARY = "libc++";
				CLANG_ENABLE_MODULES = YES;
				CLANG_ENABLE_OBJC_ARC = YES;
				CLANG_ENABLE_OBJC_WEAK = YES;
				CLANG_WARN_BLOCK_CAPTURE_AUTORELEASING = YES;
				CLANG_WARN_BOOL_CONVERSION = YES;
				CLANG_WARN_COMMA = YES;
				CLANG_WARN_CONSTANT_CONVERSION = YES;
				CLANG_WARN_DEPRECATED_OBJC_IMPLEMENTATIONS = YES;
				CLANG_WARN_DIRECT_OBJC_ISA_USAGE = YES_ERROR;
				CLANG_WARN_DOCUMENTATION_COMMENTS = YES;
				CLANG_WARN_EMPTY_BODY = YES;
				CLANG_WARN_ENUM_CONVERSION = YES;
				CLANG_WARN_INFINITE_RECURSION = YES;
				CLANG_WARN_INT_CONVERSION = YES;
				CLANG_WARN_NON_LITERAL_NULL_CONVERSION = YES;
				CLANG_WARN_OBJC_IMPLICIT_RETAIN_SELF = YES;
				CLANG_WARN_OBJC_LITERAL_CONVERSION = YES;
				CLANG_WARN_OBJC_ROOT_CLASS = YES_ERROR;
				CLANG_WARN_RANGE_LOOP_ANALYSIS = YES;
				CLANG_WARN_STRICT_PROTOTYPES = YES;
				CLANG_WARN_SUSPICIOUS_MOVE = YES;
				CLANG_WARN_UNGUARDED_AVAILABILITY = YES_AGGRESSIVE;
				CLANG_WARN_UNREACHABLE_CODE = YES;
				CLANG_WARN__DUPLICATE_METHOD_MATCH = YES;
				COPY_PHASE_STRIP = NO;
				DEBUG_INFORMATION_FORMAT = "dwarf-with-dsym";
				ENABLE_NS_ASSERTIONS = NO;
				ENABLE_STRICT_OBJC_MSGSEND = YES;
				GCC_C_LANGUAGE_STANDARD = gnu11;
				GCC_NO_COMMON_BLOCKS = YES;
				GCC_WARN_64_TO_32_BIT_CONVERSION = YES;
				GCC_WARN_ABOUT_RETURN_TYPE = YES_ERROR;
				GCC_WARN_UNDECLARED_SELECTOR = YES;
				GCC_WARN_UNINITIALIZED_AUTOS = YES_AGGRESSIVE;
				GCC_WARN_UNUSED_FUNCTION = YES;
				GCC_WARN_UNUSED_VARIABLE = YES;
				MACOSX_DEPLOYMENT_TARGET = 10.15;
				MTL_ENABLE_DEBUG_INFO = NO;
				MTL_FAST_MATH = YES;
				SDKROOT = macosx;
				SWIFT_COMPILATION_MODE = wholemodule;
				SWIFT_OPTIMIZATION_LEVEL = "-O";
			};
			name = Release;
		};
		D36B3337237562F700ED9E40 /* Debug */ = {
			isa = XCBuildConfiguration;
			buildSettings = {
				CODE_SIGN_STYLE = Automatic;
				PRODUCT_NAME = "$(TARGET_NAME)";
				SWIFT_VERSION = 5.0;
			};
			name = Debug;
		};
		D36B3338237562F700ED9E40 /* Release */ = {
			isa = XCBuildConfiguration;
			buildSettings = {
				CODE_SIGN_STYLE = Automatic;
				PRODUCT_NAME = "$(TARGET_NAME)";
				SWIFT_VERSION = 5.0;
			};
			name = Release;
		};
/* End XCBuildConfiguration section */

/* Begin XCConfigurationList section */
		D36B332A237562F700ED9E40 /* Build configuration list for PBXProject "lab3" */ = {
			isa = XCConfigurationList;
			buildConfigurations = (
				D36B3334237562F700ED9E40 /* Debug */,
				D36B3335237562F700ED9E40 /* Release */,
			);
			defaultConfigurationIsVisible = 0;
			defaultConfigurationName = Release;
		};
		D36B3336237562F700ED9E40 /* Build configuration list for PBXNativeTarget "lab3" */ = {
			isa = XCConfigurationList;
			buildConfigurations = (
				D36B3337237562F700ED9E40 /* Debug */,
				D36B3338237562F700ED9E40 /* Release */,
			);
			defaultConfigurationIsVisible = 0;
			defaultConfigurationName = Release;
		};
/* End XCConfigurationList section */
	};
	rootObject = D36B3327237562F700ED9E40 /* Project object */;
}
